
Microsoft Visual Studio Solution File, Format Version 12.00
Project("{FAE04EC0-301F-11D3-BF4B-00C04F79EFBC}") = "Calendar-Api", "Calendar-Api\Calendar-Api.csproj", "{8B020FB5-9C88-4801-8A6E-2FE7162EE47C}"
EndProject
Global
	GlobalSection(SolutionConfigurationPlatforms) = preSolution
		Debug|Any CPU = Debug|Any CPU
		Release|Any CPU = Release|Any CPU
	EndGlobalSection
	GlobalSection(ProjectConfigurationPlatforms) = postSolution
		{8B020FB5-9C88-4801-8A6E-2FE7162EE47C}.Debug|Any CPU.ActiveCfg = Debug|Any CPU
		{8B020FB5-9C88-4801-8A6E-2FE7162EE47C}.Debug|Any CPU.Build.0 = Debug|Any CPU
		{8B020FB5-9C88-4801-8A6E-2FE7162EE47C}.Release|Any CPU.ActiveCfg = Release|Any CPU
		{8B020FB5-9C88-4801-8A6E-2FE7162EE47C}.Release|Any CPU.Build.0 = Release|Any CPU
	EndGlobalSection
EndGlobal
